# This file was autogenerated by Stack.
# You should not edit this file by hand.
# For more information, please see the documentation at:
#   https://docs.haskellstack.org/en/stable/lock_files

packages:
- completed:
    size: 8368
    url: https://github.com/nek0/shoot/archive/7941765e51d6ebc6016a06df18745a57765f1d6b.tar.gz
    cabal-file:
      size: 2147
      sha256: 773d81fe098955f836852d2ef6ee74c93f2308de2a5b4ca57da00c8f61753e8d
    name: shoot
    version: 0.0.0.0
    sha256: c1f7bf345ded0770415c5209b5870441eb831a9d3a7774bfa4bee08a5652cc5e
    pantry-tree:
      size: 1247
      sha256: cd037838ac609f440197719319598ff58b344c28d16887ea1f24d2c08d0a275b
  original:
    url: https://github.com/nek0/shoot/archive/7941765e51d6ebc6016a06df18745a57765f1d6b.tar.gz
- completed:
    size: 22658
    url: https://github.com/nek0/affection/archive/18775515d8d569c36148c02a134e1f538981b1ff.tar.gz
    cabal-file:
      size: 5875
      sha256: 920f044f3f3b5f675ef23f1808b43a2bfde89928615db2fc69399ed7d1649c0c
    name: affection
    version: 0.0.0.9
    sha256: 05632333f06eabd1de0734a4df71685d01f4f2838b8e01fb4884c8130c602aab
    pantry-tree:
      size: 2353
      sha256: 754d7eb9fbcc5b7d6385683a2532b7e8c8b2bf3f9c023d012d63878223abea42
  original:
    url: https://github.com/nek0/affection/archive/18775515d8d569c36148c02a134e1f538981b1ff.tar.gz
- completed:
    hackage: GLUtil-0.10.3@sha256:6b3eb89a15f0363647bc4112e007868440b1555e11bf3219e0e1ea884416e5e1,2523
    pantry-tree:
      size: 1618
      sha256: 2d4bf556e63330bba69e03323a7503dee11f26af48f1236cd817d8b7b1b78d64
  original:
    hackage: GLUtil-0.10.3@sha256:6b3eb89a15f0363647bc4112e007868440b1555e11bf3219e0e1ea884416e5e1,2523
- completed:
    hackage: glib-0.13.8.0@sha256:97698bd054bad38756f3ef0220d7684f72e42660d261e9b118aa73419ce9207d,3136
    pantry-tree:
      size: 1625
      sha256: 1a9d5731f5a7e40da0e5a25e25fea9da259c720e8c0263da1c4836488b60b4c1
  original:
    hackage: glib-0.13.8.0@sha256:97698bd054bad38756f3ef0220d7684f72e42660d261e9b118aa73419ce9207d,3136
- completed:
    hackage: optparse-applicative-0.15.1.0@sha256:a0b9924d88a17c36cd8e6839d7dd2138419dd8f08cbb4f9af18f3c367b0c69a3,4673
    pantry-tree:
      size: 2904
      sha256: f3baab2f89cb92de0f90cf9ac3a89f20f3b28bffd1be7b09c9e611a8c6957e61
  original:
    hackage: optparse-applicative-0.15.1.0@sha256:a0b9924d88a17c36cd8e6839d7dd2138419dd8f08cbb4f9af18f3c367b0c69a3,4673
- completed:
    hackage: wavefront-0.7.1.3@sha256:c74f7543c6e791b3fd3df4c89a23b77883cbbe08fdb1e8cbf61ac3f3f9826784,1999
    pantry-tree:
      size: 1026
      sha256: cd79d1acb4d7c35fad719ec94eb5845c91164b42d8dddcc78a07aa51159a3a1c
  original:
    hackage: wavefront-0.7.1.3@sha256:c74f7543c6e791b3fd3df4c89a23b77883cbbe08fdb1e8cbf61ac3f3f9826784,1999
- completed:
    hackage: gtk2hs-buildtools-0.13.8.0@sha256:132f38155fc677430a47ea750918973161c876fb6f281d342ac2f07eb99229ce,5238
    pantry-tree:
      size: 3588
      sha256: 4552e3c0f2ef0f16285c38898d7e2b6aeea67d4e37cd203b0c82f70592096c45
  original:
    hackage: gtk2hs-buildtools-0.13.8.0@sha256:132f38155fc677430a47ea750918973161c876fb6f281d342ac2f07eb99229ce,5238
- completed:
    hackage: hpp-0.6.1@sha256:c7d22f5d09661ce4bd257c85a09d997561f167212db1f7ede978845715bd9200,1987
    pantry-tree:
      size: 1357
      sha256: a94b603a0c3c720cba42fc21e27a158d93893e4fdf3cd9b05e1c360b13bee27d
  original:
    hackage: hpp-0.6.1@sha256:c7d22f5d09661ce4bd257c85a09d997561f167212db1f7ede978845715bd9200,1987
snapshots:
- completed:
    size: 524162
    url: https://raw.githubusercontent.com/commercialhaskell/stackage-snapshots/master/lts/14/21.yaml
    sha256: 9a55dd75853718f2bbbe951872b36a3b7802fcd71796e0f25b8664f24e34c666
  original: lts-14.21
